{
    "_readme": [
        "This file locks the dependencies of your project to a known state",
        "Read more about it at https://getcomposer.org/doc/01-basic-usage.md#composer-lock-the-lock-file",
        "This file is @generated automatically"
    ],
    "content-hash": "8a9335e62679165d133b890df8a54585",
    "packages": [
        {
            "name": "mgargano/simplehtmldom",
            "version": "1.5",
            "source": {
                "type": "git",
                "url": "https://github.com/matgargano/simplehtmldom.git",
                "reference": "37fb0d7c1bda45c5a4cf14fdef56c1edf6aa42be"
            },
            "dist": {
                "type": "zip",
                "url": "https://api.github.com/repos/matgargano/simplehtmldom/zipball/37fb0d7c1bda45c5a4cf14fdef56c1edf6aa42be",
                "reference": "37fb0d7c1bda45c5a4cf14fdef56c1edf6aa42be",
                "shasum": ""
            },
            "require": {
                "php": ">=5.3.0"
            },
            "type": "library",
            "autoload": {
                "psr-0": {
                    "SimpleHtmlDom": "src/"
                },
                "files": [
                    "src/simple_html_dom.php"
                ]
            },
            "notification-url": "https://packagist.org/downloads/",
            "license": [
                "The MIT License"
            ],
            "authors": [
                {
                    "name": "S.C. Chen",
                    "email": "me578022@gmail.com"
                }
            ],
            "description": "Composer package that gives you access to and (unlike all the others at this time) autoloads S.C. Chen's PHP Simple HTML DOM Parser Library",
            "homepage": "http://simplehtmldom.sourceforge.net/",
            "keywords": [
                "Simple",
                "dom",
                "html"
            ],
            "time": "2014-01-05T18:17:34+00:00"
        },
        {
            "name": "mmerian/phpcrawl",
            "version": "0.8.3",
            "source": {
                "type": "git",
                "url": "https://github.com/mmerian/phpcrawl.git",
                "reference": "d9c84beeaaa666b5910a6005db689a74cb6894b0"
            },
            "dist": {
                "type": "zip",
                "url": "https://api.github.com/repos/mmerian/phpcrawl/zipball/d9c84beeaaa666b5910a6005db689a74cb6894b0",
                "reference": "d9c84beeaaa666b5910a6005db689a74cb6894b0",
                "shasum": ""
            },
            "type": "library",
            "autoload": {
                "classmap": [
                    "libs"
                ]
            },
            "notification-url": "https://packagist.org/downloads/",
            "license": [
                "GPL-v2"
            ],
            "authors": [
                {
                    "name": "Uwe Hunfeld",
                    "email": "phpcrawl@cuab.de"
                }
            ],
            "description": "PHPCrawl is a webcrawler/webspider-library written in PHP. It supports filters, limiters, cookie-handling, robots.txt-handling, multiprocessing and much more.",
            "time": "2015-01-31T11:00:11+00:00"
        },
        {
            "name": "mongodb/mongodb",
            "version": "1.1.2",
            "source": {
                "type": "git",
                "url": "https://github.com/mongodb/mongo-php-library.git",
                "reference": "a307dd60e71e1291c60927ea4f3a1905146063f5"
            },
            "dist": {
                "type": "zip",
                "url": "https://api.github.com/repos/mongodb/mongo-php-library/zipball/a307dd60e71e1291c60927ea4f3a1905146063f5",
                "reference": "a307dd60e71e1291c60927ea4f3a1905146063f5",
                "shasum": ""
            },
            "require": {
                "ext-mongodb": "^1.2.0",
                "php": ">=5.4"
            },
            "require-dev": {
                "phpunit/phpunit": "^4.8"
            },
            "type": "library",
            "autoload": {
                "psr-4": {
                    "MongoDB\\": "src/"
                },
                "files": [
                    "src/functions.php"
                ]
            },
            "notification-url": "https://packagist.org/downloads/",
            "license": [
                "Apache-2.0"
            ],
            "authors": [
                {
                    "name": "Jeremy Mikola",
                    "email": "jmikola@gmail.com"
                },
                {
                    "name": "Hannes Magnusson",
                    "email": "bjori@mongodb.com"
                },
                {
                    "name": "Derick Rethans",
                    "email": "github@derickrethans.nl"
                }
            ],
            "description": "MongoDB driver library",
            "homepage": "https://jira.mongodb.org/browse/PHPLIB",
            "keywords": [
                "database",
                "driver",
                "mongodb",
                "persistence"
            ],
            "time": "2017-02-16T18:40:32+00:00"
        }
    ],
    "packages-dev": [],
    "aliases": [],
    "minimum-stability": "stable",
    "stability-flags": [],
    "prefer-stable": false,
    "prefer-lowest": false,
    "platform": [],
    "platform-dev": []
}
